
Microsoft Visual Studio Solution File, Format Version 12.00
# Visual Studio 2013
VisualStudioVersion = 12.0.30723.0
MinimumVisualStudioVersion = 10.0.40219.1
Project("{8BC9CEB8-8B4A-11D0-8D11-00A0C91BC942}") = "geometry_shader_1", "geometry_shader_1\geometry_shader_1.vcxproj", "{9570AD8B-024D-4E0A-8A87-C57DDFDE5AEE}"
EndProject
Project("{8BC9CEB8-8B4A-11D0-8D11-00A0C91BC942}") = "copy_image_1", "copy_image_1\copy_image_1.vcxproj", "{860ECD01-6A09-4638-88A7-4DF8A4DE8984}"
EndProject
Project("{8BC9CEB8-8B4A-11D0-8D11-00A0C91BC942}") = "khr_blend_equation_advanced", "khr_blend_equation_advanced\khr_blend_equation_advanced.vcxproj", "{D96D14CE-00B6-47D6-80E8-449D0C9661B5}"
EndProject
Project("{8BC9CEB8-8B4A-11D0-8D11-00A0C91BC942}") = "oes_sample_shading", "oes_sample_shading\oes_sample_shading.vcxproj", "{CAD79F19-192D-42E6-8912-00CE93378ECF}"
EndProject
Project("{8BC9CEB8-8B4A-11D0-8D11-00A0C91BC942}") = "oes_texture_stencil8", "oes_texture_stencil8\oes_texture_stencil8.vcxproj", "{D43ED74C-F955-4373-9768-CFDE8DE87DD1}"
EndProject
Project("{8BC9CEB8-8B4A-11D0-8D11-00A0C91BC942}") = "ext_texture_border_clamp", "ext_texture_border_clamp\ext_texture_border_clamp.vcxproj", "{1917C727-DD89-4945-820B-848DD139E2F0}"
EndProject
Project("{8BC9CEB8-8B4A-11D0-8D11-00A0C91BC942}") = "ext_texture_buffer", "ext_texture_buffer\ext_texture_buffer.vcxproj", "{2526904A-FA4C-46B9-9784-CB57749F6DDA}"
EndProject
Project("{8BC9CEB8-8B4A-11D0-8D11-00A0C91BC942}") = "ext_texture_cube_map_array", "ext_texture_cube_map_array\ext_texture_cube_map_array.vcxproj", "{37C66D20-42E3-4A7C-9B87-3F512C365256}"
EndProject
Project("{8BC9CEB8-8B4A-11D0-8D11-00A0C91BC942}") = "ext_texture_sRGB_decode", "ext_texture_sRGB_decode\ext_texture_sRGB_decode.vcxproj", "{16334CD6-24C1-4C79-90CA-902EB7424736}"
EndProject
Project("{8BC9CEB8-8B4A-11D0-8D11-00A0C91BC942}") = "ext_gpu_shader5", "ext_gpu_shader5\ext_gpu_shader5.vcxproj", "{49B3BE49-B64B-42FA-AA87-8D3300F9B44B}"
EndProject
Project("{8BC9CEB8-8B4A-11D0-8D11-00A0C91BC942}") = "ext_tessellation_shader", "ext_tessellation_shader\ext_tessellation_shader.vcxproj", "{F98616F3-F1CE-42D4-862B-A19CBF199B24}"
EndProject
Global
	GlobalSection(SolutionConfigurationPlatforms) = preSolution
		Debug|Win32 = Debug|Win32
		Release|Win32 = Release|Win32
	EndGlobalSection
	GlobalSection(ProjectConfigurationPlatforms) = postSolution
		{9570AD8B-024D-4E0A-8A87-C57DDFDE5AEE}.Debug|Win32.ActiveCfg = Debug|Win32
		{9570AD8B-024D-4E0A-8A87-C57DDFDE5AEE}.Debug|Win32.Build.0 = Debug|Win32
		{9570AD8B-024D-4E0A-8A87-C57DDFDE5AEE}.Release|Win32.ActiveCfg = Release|Win32
		{9570AD8B-024D-4E0A-8A87-C57DDFDE5AEE}.Release|Win32.Build.0 = Release|Win32
		{860ECD01-6A09-4638-88A7-4DF8A4DE8984}.Debug|Win32.ActiveCfg = Debug|Win32
		{860ECD01-6A09-4638-88A7-4DF8A4DE8984}.Debug|Win32.Build.0 = Debug|Win32
		{860ECD01-6A09-4638-88A7-4DF8A4DE8984}.Release|Win32.ActiveCfg = Release|Win32
		{860ECD01-6A09-4638-88A7-4DF8A4DE8984}.Release|Win32.Build.0 = Release|Win32
		{D96D14CE-00B6-47D6-80E8-449D0C9661B5}.Debug|Win32.ActiveCfg = Debug|Win32
		{D96D14CE-00B6-47D6-80E8-449D0C9661B5}.Debug|Win32.Build.0 = Debug|Win32
		{D96D14CE-00B6-47D6-80E8-449D0C9661B5}.Release|Win32.ActiveCfg = Release|Win32
		{D96D14CE-00B6-47D6-80E8-449D0C9661B5}.Release|Win32.Build.0 = Release|Win32
		{CAD79F19-192D-42E6-8912-00CE93378ECF}.Debug|Win32.ActiveCfg = Debug|Win32
		{CAD79F19-192D-42E6-8912-00CE93378ECF}.Debug|Win32.Build.0 = Debug|Win32
		{CAD79F19-192D-42E6-8912-00CE93378ECF}.Release|Win32.ActiveCfg = Release|Win32
		{CAD79F19-192D-42E6-8912-00CE93378ECF}.Release|Win32.Build.0 = Release|Win32
		{D43ED74C-F955-4373-9768-CFDE8DE87DD1}.Debug|Win32.ActiveCfg = Debug|Win32
		{D43ED74C-F955-4373-9768-CFDE8DE87DD1}.Debug|Win32.Build.0 = Debug|Win32
		{D43ED74C-F955-4373-9768-CFDE8DE87DD1}.Release|Win32.ActiveCfg = Release|Win32
		{D43ED74C-F955-4373-9768-CFDE8DE87DD1}.Release|Win32.Build.0 = Release|Win32
		{1917C727-DD89-4945-820B-848DD139E2F0}.Debug|Win32.ActiveCfg = Debug|Win32
		{1917C727-DD89-4945-820B-848DD139E2F0}.Debug|Win32.Build.0 = Debug|Win32
		{1917C727-DD89-4945-820B-848DD139E2F0}.Release|Win32.ActiveCfg = Release|Win32
		{1917C727-DD89-4945-820B-848DD139E2F0}.Release|Win32.Build.0 = Release|Win32
		{2526904A-FA4C-46B9-9784-CB57749F6DDA}.Debug|Win32.ActiveCfg = Debug|Win32
		{2526904A-FA4C-46B9-9784-CB57749F6DDA}.Debug|Win32.Build.0 = Debug|Win32
		{2526904A-FA4C-46B9-9784-CB57749F6DDA}.Release|Win32.ActiveCfg = Release|Win32
		{2526904A-FA4C-46B9-9784-CB57749F6DDA}.Release|Win32.Build.0 = Release|Win32
		{37C66D20-42E3-4A7C-9B87-3F512C365256}.Debug|Win32.ActiveCfg = Debug|Win32
		{37C66D20-42E3-4A7C-9B87-3F512C365256}.Debug|Win32.Build.0 = Debug|Win32
		{37C66D20-42E3-4A7C-9B87-3F512C365256}.Release|Win32.ActiveCfg = Release|Win32
		{37C66D20-42E3-4A7C-9B87-3F512C365256}.Release|Win32.Build.0 = Release|Win32
		{16334CD6-24C1-4C79-90CA-902EB7424736}.Debug|Win32.ActiveCfg = Debug|Win32
		{16334CD6-24C1-4C79-90CA-902EB7424736}.Debug|Win32.Build.0 = Debug|Win32
		{16334CD6-24C1-4C79-90CA-902EB7424736}.Release|Win32.ActiveCfg = Release|Win32
		{16334CD6-24C1-4C79-90CA-902EB7424736}.Release|Win32.Build.0 = Release|Win32
		{49B3BE49-B64B-42FA-AA87-8D3300F9B44B}.Debug|Win32.ActiveCfg = Debug|Win32
		{49B3BE49-B64B-42FA-AA87-8D3300F9B44B}.Debug|Win32.Build.0 = Debug|Win32
		{49B3BE49-B64B-42FA-AA87-8D3300F9B44B}.Release|Win32.ActiveCfg = Release|Win32
		{49B3BE49-B64B-42FA-AA87-8D3300F9B44B}.Release|Win32.Build.0 = Release|Win32
		{F98616F3-F1CE-42D4-862B-A19CBF199B24}.Debug|Win32.ActiveCfg = Debug|Win32
		{F98616F3-F1CE-42D4-862B-A19CBF199B24}.Debug|Win32.Build.0 = Debug|Win32
		{F98616F3-F1CE-42D4-862B-A19CBF199B24}.Release|Win32.ActiveCfg = Release|Win32
		{F98616F3-F1CE-42D4-862B-A19CBF199B24}.Release|Win32.Build.0 = Release|Win32
	EndGlobalSection
	GlobalSection(SolutionProperties) = preSolution
		HideSolutionNode = FALSE
	EndGlobalSection
EndGlobal
